PODS:
  - FlagPhoneNumber (0.8.0):
    - FlagPhoneNumber/libPhoneNumberiOS (= 0.8.0)
  - FlagPhoneNumber/libPhoneNumberiOS (0.8.0)
  - FloatingPanel (2.4.1)
  - SDWebImage (5.11.1):
    - SDWebImage/Core (= 5.11.1)
  - SDWebImage/Core (5.11.1)

DEPENDENCIES:
  - FlagPhoneNumber
  - FloatingPanel
  - SDWebImage

SPEC REPOS:
  trunk:
    - FlagPhoneNumber
    - FloatingPanel
    - SDWebImage

SPEC CHECKSUMS:
  FlagPhoneNumber: 3712455b95f66cb0f2016fef7d9e34cddf8c7f9a
  FloatingPanel: 1d58b4d05af0e6286cbefa6a6922d9f6a266d855
  SDWebImage: a7f831e1a65eb5e285e3fb046a23fcfbf08e696d

PODFILE CHECKSUM: cd8b597625988d0f7fd64c93c9fa2a1a40771de2

COCOAPODS: 1.8.4
