// !$*UTF8*$!
{
	archiveVersion = 1;
	classes = {
	};
	objectVersion = 52;
	objects = {

/* Begin PBXBuildFile section */
		F32A33BB26B3E18C007BD253 /* StorageManager.swift in Sources */ = {isa = PBXBuildFile; fileRef = F32A33BA26B3E18C007BD253 /* StorageManager.swift */; };
		F33DD37B26B2FAAB00CFEF56 /* AppDelegate.swift in Sources */ = {isa = PBXBuildFile; fileRef = F33DD37A26B2FAAB00CFEF56 /* AppDelegate.swift */; };
		F33DD37D26B2FAAB00CFEF56 /* SceneDelegate.swift in Sources */ = {isa = PBXBuildFile; fileRef = F33DD37C26B2FAAB00CFEF56 /* SceneDelegate.swift */; };
		F33DD37F26B2FAAB00CFEF56 /* MenuViewController.swift in Sources */ = {isa = PBXBuildFile; fileRef = F33DD37E26B2FAAB00CFEF56 /* MenuViewController.swift */; };
		F33DD38226B2FAAB00CFEF56 /* Main.storyboard in Resources */ = {isa = PBXBuildFile; fileRef = F33DD38026B2FAAB00CFEF56 /* Main.storyboard */; };
		F33DD38426B2FAAC00CFEF56 /* Assets.xcassets in Resources */ = {isa = PBXBuildFile; fileRef = F33DD38326B2FAAC00CFEF56 /* Assets.xcassets */; };
		F33DD38726B2FAAC00CFEF56 /* LaunchScreen.storyboard in Resources */ = {isa = PBXBuildFile; fileRef = F33DD38526B2FAAC00CFEF56 /* LaunchScreen.storyboard */; };
		F33DD39326B2FB3900CFEF56 /* SalesViewController.swift in Sources */ = {isa = PBXBuildFile; fileRef = F33DD39226B2FB3900CFEF56 /* SalesViewController.swift */; };
		F33DD39626B2FB4B00CFEF56 /* OrdersViewController.swift in Sources */ = {isa = PBXBuildFile; fileRef = F33DD39526B2FB4B00CFEF56 /* OrdersViewController.swift */; };
		F33DD39926B2FB5E00CFEF56 /* BasketViewController.swift in Sources */ = {isa = PBXBuildFile; fileRef = F33DD39826B2FB5E00CFEF56 /* BasketViewController.swift */; };
		F33DD39C26B2FBBC00CFEF56 /* CategoryCell.swift in Sources */ = {isa = PBXBuildFile; fileRef = F33DD39B26B2FBBC00CFEF56 /* CategoryCell.swift */; };
		F33DD3A126B2FBF000CFEF56 /* String.swift in Sources */ = {isa = PBXBuildFile; fileRef = F33DD3A026B2FBF000CFEF56 /* String.swift */; };
		F33DD3A626B2FC1300CFEF56 /* StatusBar+NavigationBar.swift in Sources */ = {isa = PBXBuildFile; fileRef = F33DD3A526B2FC1300CFEF56 /* StatusBar+NavigationBar.swift */; };
		F33DD3AD26B3025A00CFEF56 /* FirebaseStorage in Frameworks */ = {isa = PBXBuildFile; productRef = F33DD3AC26B3025A00CFEF56 /* FirebaseStorage */; };
		F33DD3AF26B3025A00CFEF56 /* FirebaseAuth in Frameworks */ = {isa = PBXBuildFile; productRef = F33DD3AE26B3025A00CFEF56 /* FirebaseAuth */; };
		F33DD3B126B3025A00CFEF56 /* FirebaseFirestore in Frameworks */ = {isa = PBXBuildFile; productRef = F33DD3B026B3025A00CFEF56 /* FirebaseFirestore */; };
		F33DD3B326B3025A00CFEF56 /* FirebaseDatabase in Frameworks */ = {isa = PBXBuildFile; productRef = F33DD3B226B3025A00CFEF56 /* FirebaseDatabase */; };
		F343583126C23D0500D02B49 /* SaleDetailViewController.swift in Sources */ = {isa = PBXBuildFile; fileRef = F343583026C23D0500D02B49 /* SaleDetailViewController.swift */; };
		F343583426C23D1D00D02B49 /* SaleDetailView.swift in Sources */ = {isa = PBXBuildFile; fileRef = F343583326C23D1D00D02B49 /* SaleDetailView.swift */; };
		F34DF95B26B8E4AE00F3AD1C /* ProductDetailView.swift in Sources */ = {isa = PBXBuildFile; fileRef = F34DF95A26B8E4AE00F3AD1C /* ProductDetailView.swift */; };
		F34DF96026B8EB1D00F3AD1C /* MenuView.swift in Sources */ = {isa = PBXBuildFile; fileRef = F34DF95F26B8EB1D00F3AD1C /* MenuView.swift */; };
		F3533A8D26BA2EE2006D9185 /* Extension + getMenu.swift in Sources */ = {isa = PBXBuildFile; fileRef = F3533A8C26BA2EE2006D9185 /* Extension + getMenu.swift */; };
		F365B4B226B38E87008C9DED /* RealmSwift in Frameworks */ = {isa = PBXBuildFile; productRef = F365B4B126B38E87008C9DED /* RealmSwift */; };
		F365B4B526B38EBE008C9DED /* MenuModel.swift in Sources */ = {isa = PBXBuildFile; fileRef = F365B4B426B38EBE008C9DED /* MenuModel.swift */; };
		F365B4BA26B38F6D008C9DED /* FirebaseManager.swift in Sources */ = {isa = PBXBuildFile; fileRef = F365B4B926B38F6D008C9DED /* FirebaseManager.swift */; };
		F365B4BD26B394F2008C9DED /* ProductModel.swift in Sources */ = {isa = PBXBuildFile; fileRef = F365B4BC26B394F2008C9DED /* ProductModel.swift */; };
		F365B4C026B39555008C9DED /* ProductCategoryModel.swift in Sources */ = {isa = PBXBuildFile; fileRef = F365B4BF26B39555008C9DED /* ProductCategoryModel.swift */; };
		F365B4C526B3995C008C9DED /* GoogleService-Info.plist in Resources */ = {isa = PBXBuildFile; fileRef = F365B4C426B3995C008C9DED /* GoogleService-Info.plist */; };
		F365B4C926B3A42A008C9DED /* MenuCell.swift in Sources */ = {isa = PBXBuildFile; fileRef = F365B4C726B3A42A008C9DED /* MenuCell.swift */; };
		F3783CBC26B79A0F00753F4E /* ProductDetailViewController.swift in Sources */ = {isa = PBXBuildFile; fileRef = F3783CBB26B79A0F00753F4E /* ProductDetailViewController.swift */; };
		F3D9DDEE26C0F5110079D9A0 /* SaleModel.swift in Sources */ = {isa = PBXBuildFile; fileRef = F3D9DDED26C0F5110079D9A0 /* SaleModel.swift */; };
		F3D9DDF126C109980079D9A0 /* SaleCell.swift in Sources */ = {isa = PBXBuildFile; fileRef = F3D9DDF026C109980079D9A0 /* SaleCell.swift */; };
/* End PBXBuildFile section */

/* Begin PBXFileReference section */
		F32A33BA26B3E18C007BD253 /* StorageManager.swift */ = {isa = PBXFileReference; lastKnownFileType = sourcecode.swift; path = StorageManager.swift; sourceTree = "<group>"; };
		F33DD37726B2FAAB00CFEF56 /* percy.app */ = {isa = PBXFileReference; explicitFileType = wrapper.application; includeInIndex = 0; path = percy.app; sourceTree = BUILT_PRODUCTS_DIR; };
		F33DD37A26B2FAAB00CFEF56 /* AppDelegate.swift */ = {isa = PBXFileReference; lastKnownFileType = sourcecode.swift; path = AppDelegate.swift; sourceTree = "<group>"; };
		F33DD37C26B2FAAB00CFEF56 /* SceneDelegate.swift */ = {isa = PBXFileReference; lastKnownFileType = sourcecode.swift; path = SceneDelegate.swift; sourceTree = "<group>"; };
		F33DD37E26B2FAAB00CFEF56 /* MenuViewController.swift */ = {isa = PBXFileReference; lastKnownFileType = sourcecode.swift; path = MenuViewController.swift; sourceTree = "<group>"; };
		F33DD38126B2FAAB00CFEF56 /* Base */ = {isa = PBXFileReference; lastKnownFileType = file.storyboard; name = Base; path = Base.lproj/Main.storyboard; sourceTree = "<group>"; };
		F33DD38326B2FAAC00CFEF56 /* Assets.xcassets */ = {isa = PBXFileReference; lastKnownFileType = folder.assetcatalog; path = Assets.xcassets; sourceTree = "<group>"; };
		F33DD38626B2FAAC00CFEF56 /* Base */ = {isa = PBXFileReference; lastKnownFileType = file.storyboard; name = Base; path = Base.lproj/LaunchScreen.storyboard; sourceTree = "<group>"; };
		F33DD38826B2FAAC00CFEF56 /* Info.plist */ = {isa = PBXFileReference; lastKnownFileType = text.plist.xml; path = Info.plist; sourceTree = "<group>"; };
		F33DD39226B2FB3900CFEF56 /* SalesViewController.swift */ = {isa = PBXFileReference; lastKnownFileType = sourcecode.swift; path = SalesViewController.swift; sourceTree = "<group>"; };
		F33DD39526B2FB4B00CFEF56 /* OrdersViewController.swift */ = {isa = PBXFileReference; lastKnownFileType = sourcecode.swift; path = OrdersViewController.swift; sourceTree = "<group>"; };
		F33DD39826B2FB5E00CFEF56 /* BasketViewController.swift */ = {isa = PBXFileReference; lastKnownFileType = sourcecode.swift; path = BasketViewController.swift; sourceTree = "<group>"; };
		F33DD39B26B2FBBC00CFEF56 /* CategoryCell.swift */ = {isa = PBXFileReference; lastKnownFileType = sourcecode.swift; path = CategoryCell.swift; sourceTree = "<group>"; };
		F33DD3A026B2FBF000CFEF56 /* String.swift */ = {isa = PBXFileReference; lastKnownFileType = sourcecode.swift; path = String.swift; sourceTree = "<group>"; };
		F33DD3A526B2FC1300CFEF56 /* StatusBar+NavigationBar.swift */ = {isa = PBXFileReference; lastKnownFileType = sourcecode.swift; path = "StatusBar+NavigationBar.swift"; sourceTree = "<group>"; };
		F343583026C23D0500D02B49 /* SaleDetailViewController.swift */ = {isa = PBXFileReference; lastKnownFileType = sourcecode.swift; path = SaleDetailViewController.swift; sourceTree = "<group>"; };
		F343583326C23D1D00D02B49 /* SaleDetailView.swift */ = {isa = PBXFileReference; lastKnownFileType = sourcecode.swift; path = SaleDetailView.swift; sourceTree = "<group>"; };
		F34DF95A26B8E4AE00F3AD1C /* ProductDetailView.swift */ = {isa = PBXFileReference; lastKnownFileType = sourcecode.swift; path = ProductDetailView.swift; sourceTree = "<group>"; };
		F34DF95F26B8EB1D00F3AD1C /* MenuView.swift */ = {isa = PBXFileReference; lastKnownFileType = sourcecode.swift; path = MenuView.swift; sourceTree = "<group>"; };
		F3533A8C26BA2EE2006D9185 /* Extension + getMenu.swift */ = {isa = PBXFileReference; lastKnownFileType = sourcecode.swift; path = "Extension + getMenu.swift"; sourceTree = "<group>"; };
		F365B4B426B38EBE008C9DED /* MenuModel.swift */ = {isa = PBXFileReference; lastKnownFileType = sourcecode.swift; path = MenuModel.swift; sourceTree = "<group>"; };
		F365B4B926B38F6D008C9DED /* FirebaseManager.swift */ = {isa = PBXFileReference; lastKnownFileType = sourcecode.swift; path = FirebaseManager.swift; sourceTree = "<group>"; };
		F365B4BC26B394F2008C9DED /* ProductModel.swift */ = {isa = PBXFileReference; lastKnownFileType = sourcecode.swift; path = ProductModel.swift; sourceTree = "<group>"; };
		F365B4BF26B39555008C9DED /* ProductCategoryModel.swift */ = {isa = PBXFileReference; lastKnownFileType = sourcecode.swift; path = ProductCategoryModel.swift; sourceTree = "<group>"; };
		F365B4C426B3995C008C9DED /* GoogleService-Info.plist */ = {isa = PBXFileReference; fileEncoding = 4; lastKnownFileType = text.plist.xml; name = "GoogleService-Info.plist"; path = "../../../Downloads/GoogleService-Info.plist"; sourceTree = "<group>"; };
		F365B4C726B3A42A008C9DED /* MenuCell.swift */ = {isa = PBXFileReference; lastKnownFileType = sourcecode.swift; path = MenuCell.swift; sourceTree = "<group>"; };
		F3783CBB26B79A0F00753F4E /* ProductDetailViewController.swift */ = {isa = PBXFileReference; lastKnownFileType = sourcecode.swift; path = ProductDetailViewController.swift; sourceTree = "<group>"; };
		F3D9DDED26C0F5110079D9A0 /* SaleModel.swift */ = {isa = PBXFileReference; lastKnownFileType = sourcecode.swift; path = SaleModel.swift; sourceTree = "<group>"; };
		F3D9DDF026C109980079D9A0 /* SaleCell.swift */ = {isa = PBXFileReference; lastKnownFileType = sourcecode.swift; path = SaleCell.swift; sourceTree = "<group>"; };
/* End PBXFileReference section */

/* Begin PBXFrameworksBuildPhase section */
		F33DD37426B2FAAB00CFEF56 /* Frameworks */ = {
			isa = PBXFrameworksBuildPhase;
			buildActionMask = 2147483647;
			files = (
				F33DD3AD26B3025A00CFEF56 /* FirebaseStorage in Frameworks */,
				F33DD3AF26B3025A00CFEF56 /* FirebaseAuth in Frameworks */,
				F33DD3B326B3025A00CFEF56 /* FirebaseDatabase in Frameworks */,
				F365B4B226B38E87008C9DED /* RealmSwift in Frameworks */,
				F33DD3B126B3025A00CFEF56 /* FirebaseFirestore in Frameworks */,
			);
			runOnlyForDeploymentPostprocessing = 0;
		};
/* End PBXFrameworksBuildPhase section */

/* Begin PBXGroup section */
		F32A33B826B3E14E007BD253 /* FirebaseManager */ = {
			isa = PBXGroup;
			children = (
				F365B4B926B38F6D008C9DED /* FirebaseManager.swift */,
				F32A33BA26B3E18C007BD253 /* StorageManager.swift */,
			);
			path = FirebaseManager;
			sourceTree = "<group>";
		};
		F33DD36E26B2FAAB00CFEF56 = {
			isa = PBXGroup;
			children = (
				F33DD37926B2FAAB00CFEF56 /* percy */,
				F33DD37826B2FAAB00CFEF56 /* Products */,
			);
			sourceTree = "<group>";
		};
		F33DD37826B2FAAB00CFEF56 /* Products */ = {
			isa = PBXGroup;
			children = (
				F33DD37726B2FAAB00CFEF56 /* percy.app */,
			);
			name = Products;
			sourceTree = "<group>";
		};
		F33DD37926B2FAAB00CFEF56 /* percy */ = {
			isa = PBXGroup;
			children = (
				F365B4B726B38EC2008C9DED /* Models */,
				F34DF95D26B8EA2A00F3AD1C /* View */,
				F33DD39026B2FB1100CFEF56 /* Controllers */,
				F33DD39E26B2FBCC00CFEF56 /* Cells */,
				F33DD3A326B2FBF800CFEF56 /* Extensions */,
				F32A33B826B3E14E007BD253 /* FirebaseManager */,
				F33DD3A826B2FCC500CFEF56 /* Supportings files */,
				F33DD38026B2FAAB00CFEF56 /* Main.storyboard */,
				F365B4C426B3995C008C9DED /* GoogleService-Info.plist */,
				F33DD38826B2FAAC00CFEF56 /* Info.plist */,
			);
			path = percy;
			sourceTree = "<group>";
		};
		F33DD39026B2FB1100CFEF56 /* Controllers */ = {
			isa = PBXGroup;
			children = (
				F33DD37E26B2FAAB00CFEF56 /* MenuViewController.swift */,
				F3533A8C26BA2EE2006D9185 /* Extension + getMenu.swift */,
				F3783CBB26B79A0F00753F4E /* ProductDetailViewController.swift */,
				F33DD39226B2FB3900CFEF56 /* SalesViewController.swift */,
				F343583026C23D0500D02B49 /* SaleDetailViewController.swift */,
				F33DD39526B2FB4B00CFEF56 /* OrdersViewController.swift */,
				F33DD39826B2FB5E00CFEF56 /* BasketViewController.swift */,
			);
			path = Controllers;
			sourceTree = "<group>";
		};
		F33DD39E26B2FBCC00CFEF56 /* Cells */ = {
			isa = PBXGroup;
			children = (
				F33DD39B26B2FBBC00CFEF56 /* CategoryCell.swift */,
				F365B4C726B3A42A008C9DED /* MenuCell.swift */,
				F3D9DDF026C109980079D9A0 /* SaleCell.swift */,
			);
			path = Cells;
			sourceTree = "<group>";
		};
		F33DD3A326B2FBF800CFEF56 /* Extensions */ = {
			isa = PBXGroup;
			children = (
				F33DD3A026B2FBF000CFEF56 /* String.swift */,
				F33DD3A526B2FC1300CFEF56 /* StatusBar+NavigationBar.swift */,
			);
			path = Extensions;
			sourceTree = "<group>";
		};
		F33DD3A826B2FCC500CFEF56 /* Supportings files */ = {
			isa = PBXGroup;
			children = (
				F33DD38526B2FAAC00CFEF56 /* LaunchScreen.storyboard */,
				F33DD37A26B2FAAB00CFEF56 /* AppDelegate.swift */,
				F33DD37C26B2FAAB00CFEF56 /* SceneDelegate.swift */,
				F33DD38326B2FAAC00CFEF56 /* Assets.xcassets */,
			);
			path = "Supportings files";
			sourceTree = "<group>";
		};
		F34DF95D26B8EA2A00F3AD1C /* View */ = {
			isa = PBXGroup;
			children = (
				F34DF95F26B8EB1D00F3AD1C /* MenuView.swift */,
				F34DF95A26B8E4AE00F3AD1C /* ProductDetailView.swift */,
				F343583326C23D1D00D02B49 /* SaleDetailView.swift */,
			);
			path = View;
			sourceTree = "<group>";
		};
		F365B4B726B38EC2008C9DED /* Models */ = {
			isa = PBXGroup;
			children = (
				F365B4B426B38EBE008C9DED /* MenuModel.swift */,
				F365B4BC26B394F2008C9DED /* ProductModel.swift */,
				F365B4BF26B39555008C9DED /* ProductCategoryModel.swift */,
				F3D9DDED26C0F5110079D9A0 /* SaleModel.swift */,
			);
			path = Models;
			sourceTree = "<group>";
		};
/* End PBXGroup section */

/* Begin PBXNativeTarget section */
		F33DD37626B2FAAB00CFEF56 /* percy */ = {
			isa = PBXNativeTarget;
			buildConfigurationList = F33DD38B26B2FAAC00CFEF56 /* Build configuration list for PBXNativeTarget "percy" */;
			buildPhases = (
				F33DD37326B2FAAB00CFEF56 /* Sources */,
				F33DD37426B2FAAB00CFEF56 /* Frameworks */,
				F33DD37526B2FAAB00CFEF56 /* Resources */,
			);
			buildRules = (
			);
			dependencies = (
			);
			name = percy;
			packageProductDependencies = (
				F33DD3AC26B3025A00CFEF56 /* FirebaseStorage */,
				F33DD3AE26B3025A00CFEF56 /* FirebaseAuth */,
				F33DD3B026B3025A00CFEF56 /* FirebaseFirestore */,
				F33DD3B226B3025A00CFEF56 /* FirebaseDatabase */,
				F365B4B126B38E87008C9DED /* RealmSwift */,
			);
			productName = percy;
			productReference = F33DD37726B2FAAB00CFEF56 /* percy.app */;
			productType = "com.apple.product-type.application";
		};
/* End PBXNativeTarget section */

/* Begin PBXProject section */
		F33DD36F26B2FAAB00CFEF56 /* Project object */ = {
			isa = PBXProject;
			attributes = {
				LastSwiftUpdateCheck = 1240;
				LastUpgradeCheck = 1240;
				TargetAttributes = {
					F33DD37626B2FAAB00CFEF56 = {
						CreatedOnToolsVersion = 12.4;
					};
				};
			};
			buildConfigurationList = F33DD37226B2FAAB00CFEF56 /* Build configuration list for PBXProject "percy" */;
			compatibilityVersion = "Xcode 9.3";
			developmentRegion = en;
			hasScannedForEncodings = 0;
			knownRegions = (
				en,
				Base,
			);
			mainGroup = F33DD36E26B2FAAB00CFEF56;
			packageReferences = (
				F33DD3AB26B3025A00CFEF56 /* XCRemoteSwiftPackageReference "firebase-ios-sdk" */,
				F365B4B026B38E87008C9DED /* XCRemoteSwiftPackageReference "realm-cocoa" */,
			);
			productRefGroup = F33DD37826B2FAAB00CFEF56 /* Products */;
			projectDirPath = "";
			projectRoot = "";
			targets = (
				F33DD37626B2FAAB00CFEF56 /* percy */,
			);
		};
/* End PBXProject section */

/* Begin PBXResourcesBuildPhase section */
		F33DD37526B2FAAB00CFEF56 /* Resources */ = {
			isa = PBXResourcesBuildPhase;
			buildActionMask = 2147483647;
			files = (
				F33DD38726B2FAAC00CFEF56 /* LaunchScreen.storyboard in Resources */,
				F365B4C526B3995C008C9DED /* GoogleService-Info.plist in Resources */,
				F33DD38426B2FAAC00CFEF56 /* Assets.xcassets in Resources */,
				F33DD38226B2FAAB00CFEF56 /* Main.storyboard in Resources */,
			);
			runOnlyForDeploymentPostprocessing = 0;
		};
/* End PBXResourcesBuildPhase section */

/* Begin PBXSourcesBuildPhase section */
		F33DD37326B2FAAB00CFEF56 /* Sources */ = {
			isa = PBXSourcesBuildPhase;
			buildActionMask = 2147483647;
			files = (
				F365B4C926B3A42A008C9DED /* MenuCell.swift in Sources */,
				F33DD3A626B2FC1300CFEF56 /* StatusBar+NavigationBar.swift in Sources */,
				F33DD39926B2FB5E00CFEF56 /* BasketViewController.swift in Sources */,
				F34DF95B26B8E4AE00F3AD1C /* ProductDetailView.swift in Sources */,
				F365B4B526B38EBE008C9DED /* MenuModel.swift in Sources */,
				F33DD39626B2FB4B00CFEF56 /* OrdersViewController.swift in Sources */,
				F365B4BA26B38F6D008C9DED /* FirebaseManager.swift in Sources */,
				F3D9DDF126C109980079D9A0 /* SaleCell.swift in Sources */,
				F3533A8D26BA2EE2006D9185 /* Extension + getMenu.swift in Sources */,
				F365B4C026B39555008C9DED /* ProductCategoryModel.swift in Sources */,
				F33DD37F26B2FAAB00CFEF56 /* MenuViewController.swift in Sources */,
				F33DD39C26B2FBBC00CFEF56 /* CategoryCell.swift in Sources */,
				F365B4BD26B394F2008C9DED /* ProductModel.swift in Sources */,
				F33DD37B26B2FAAB00CFEF56 /* AppDelegate.swift in Sources */,
				F33DD37D26B2FAAB00CFEF56 /* SceneDelegate.swift in Sources */,
				F34DF96026B8EB1D00F3AD1C /* MenuView.swift in Sources */,
				F32A33BB26B3E18C007BD253 /* StorageManager.swift in Sources */,
				F3D9DDEE26C0F5110079D9A0 /* SaleModel.swift in Sources */,
				F3783CBC26B79A0F00753F4E /* ProductDetailViewController.swift in Sources */,
				F33DD3A126B2FBF000CFEF56 /* String.swift in Sources */,
				F343583126C23D0500D02B49 /* SaleDetailViewController.swift in Sources */,
				F343583426C23D1D00D02B49 /* SaleDetailView.swift in Sources */,
				F33DD39326B2FB3900CFEF56 /* SalesViewController.swift in Sources */,
			);
			runOnlyForDeploymentPostprocessing = 0;
		};
/* End PBXSourcesBuildPhase section */

/* Begin PBXVariantGroup section */
		F33DD38026B2FAAB00CFEF56 /* Main.storyboard */ = {
			isa = PBXVariantGroup;
			children = (
				F33DD38126B2FAAB00CFEF56 /* Base */,
			);
			name = Main.storyboard;
			sourceTree = "<group>";
		};
		F33DD38526B2FAAC00CFEF56 /* LaunchScreen.storyboard */ = {
			isa = PBXVariantGroup;
			children = (
				F33DD38626B2FAAC00CFEF56 /* Base */,
			);
			name = LaunchScreen.storyboard;
			sourceTree = "<group>";
		};
/* End PBXVariantGroup section */

/* Begin XCBuildConfiguration section */
		F33DD38926B2FAAC00CFEF56 /* Debug */ = {
			isa = XCBuildConfiguration;
			buildSettings = {
				ALWAYS_SEARCH_USER_PATHS = NO;
				CLANG_ANALYZER_NONNULL = YES;
				CLANG_ANALYZER_NUMBER_OBJECT_CONVERSION = YES_AGGRESSIVE;
				CLANG_CXX_LANGUAGE_STANDARD = "gnu++14";
				CLANG_CXX_LIBRARY = "libc++";
				CLANG_ENABLE_MODULES = YES;
				CLANG_ENABLE_OBJC_ARC = YES;
				CLANG_ENABLE_OBJC_WEAK = YES;
				CLANG_WARN_BLOCK_CAPTURE_AUTORELEASING = YES;
				CLANG_WARN_BOOL_CONVERSION = YES;
				CLANG_WARN_COMMA = YES;
				CLANG_WARN_CONSTANT_CONVERSION = YES;
				CLANG_WARN_DEPRECATED_OBJC_IMPLEMENTATIONS = YES;
				CLANG_WARN_DIRECT_OBJC_ISA_USAGE = YES_ERROR;
				CLANG_WARN_DOCUMENTATION_COMMENTS = YES;
				CLANG_WARN_EMPTY_BODY = YES;
				CLANG_WARN_ENUM_CONVERSION = YES;
				CLANG_WARN_INFINITE_RECURSION = YES;
				CLANG_WARN_INT_CONVERSION = YES;
				CLANG_WARN_NON_LITERAL_NULL_CONVERSION = YES;
				CLANG_WARN_OBJC_IMPLICIT_RETAIN_SELF = YES;
				CLANG_WARN_OBJC_LITERAL_CONVERSION = YES;
				CLANG_WARN_OBJC_ROOT_CLASS = YES_ERROR;
				CLANG_WARN_QUOTED_INCLUDE_IN_FRAMEWORK_HEADER = YES;
				CLANG_WARN_RANGE_LOOP_ANALYSIS = YES;
				CLANG_WARN_STRICT_PROTOTYPES = YES;
				CLANG_WARN_SUSPICIOUS_MOVE = YES;
				CLANG_WARN_UNGUARDED_AVAILABILITY = YES_AGGRESSIVE;
				CLANG_WARN_UNREACHABLE_CODE = YES;
				CLANG_WARN__DUPLICATE_METHOD_MATCH = YES;
				COPY_PHASE_STRIP = NO;
				DEBUG_INFORMATION_FORMAT = dwarf;
				ENABLE_STRICT_OBJC_MSGSEND = YES;
				ENABLE_TESTABILITY = YES;
				GCC_C_LANGUAGE_STANDARD = gnu11;
				GCC_DYNAMIC_NO_PIC = NO;
				GCC_NO_COMMON_BLOCKS = YES;
				GCC_OPTIMIZATION_LEVEL = 0;
				GCC_PREPROCESSOR_DEFINITIONS = (
					"DEBUG=1",
					"$(inherited)",
				);
				GCC_WARN_64_TO_32_BIT_CONVERSION = YES;
				GCC_WARN_ABOUT_RETURN_TYPE = YES_ERROR;
				GCC_WARN_UNDECLARED_SELECTOR = YES;
				GCC_WARN_UNINITIALIZED_AUTOS = YES_AGGRESSIVE;
				GCC_WARN_UNUSED_FUNCTION = YES;
				GCC_WARN_UNUSED_VARIABLE = YES;
				IPHONEOS_DEPLOYMENT_TARGET = 14.4;
				MTL_ENABLE_DEBUG_INFO = INCLUDE_SOURCE;
				MTL_FAST_MATH = YES;
				ONLY_ACTIVE_ARCH = YES;
				SDKROOT = iphoneos;
				SWIFT_ACTIVE_COMPILATION_CONDITIONS = DEBUG;
				SWIFT_OPTIMIZATION_LEVEL = "-Onone";
			};
			name = Debug;
		};
		F33DD38A26B2FAAC00CFEF56 /* Release */ = {
			isa = XCBuildConfiguration;
			buildSettings = {
				ALWAYS_SEARCH_USER_PATHS = NO;
				CLANG_ANALYZER_NONNULL = YES;
				CLANG_ANALYZER_NUMBER_OBJECT_CONVERSION = YES_AGGRESSIVE;
				CLANG_CXX_LANGUAGE_STANDARD = "gnu++14";
				CLANG_CXX_LIBRARY = "libc++";
				CLANG_ENABLE_MODULES = YES;
				CLANG_ENABLE_OBJC_ARC = YES;
				CLANG_ENABLE_OBJC_WEAK = YES;
				CLANG_WARN_BLOCK_CAPTURE_AUTORELEASING = YES;
				CLANG_WARN_BOOL_CONVERSION = YES;
				CLANG_WARN_COMMA = YES;
				CLANG_WARN_CONSTANT_CONVERSION = YES;
				CLANG_WARN_DEPRECATED_OBJC_IMPLEMENTATIONS = YES;
				CLANG_WARN_DIRECT_OBJC_ISA_USAGE = YES_ERROR;
				CLANG_WARN_DOCUMENTATION_COMMENTS = YES;
				CLANG_WARN_EMPTY_BODY = YES;
				CLANG_WARN_ENUM_CONVERSION = YES;
				CLANG_WARN_INFINITE_RECURSION = YES;
				CLANG_WARN_INT_CONVERSION = YES;
				CLANG_WARN_NON_LITERAL_NULL_CONVERSION = YES;
				CLANG_WARN_OBJC_IMPLICIT_RETAIN_SELF = YES;
				CLANG_WARN_OBJC_LITERAL_CONVERSION = YES;
				CLANG_WARN_OBJC_ROOT_CLASS = YES_ERROR;
				CLANG_WARN_QUOTED_INCLUDE_IN_FRAMEWORK_HEADER = YES;
				CLANG_WARN_RANGE_LOOP_ANALYSIS = YES;
				CLANG_WARN_STRICT_PROTOTYPES = YES;
				CLANG_WARN_SUSPICIOUS_MOVE = YES;
				CLANG_WARN_UNGUARDED_AVAILABILITY = YES_AGGRESSIVE;
				CLANG_WARN_UNREACHABLE_CODE = YES;
				CLANG_WARN__DUPLICATE_METHOD_MATCH = YES;
				COPY_PHASE_STRIP = NO;
				DEBUG_INFORMATION_FORMAT = "dwarf-with-dsym";
				ENABLE_NS_ASSERTIONS = NO;
				ENABLE_STRICT_OBJC_MSGSEND = YES;
				GCC_C_LANGUAGE_STANDARD = gnu11;
				GCC_NO_COMMON_BLOCKS = YES;
				GCC_WARN_64_TO_32_BIT_CONVERSION = YES;
				GCC_WARN_ABOUT_RETURN_TYPE = YES_ERROR;
				GCC_WARN_UNDECLARED_SELECTOR = YES;
				GCC_WARN_UNINITIALIZED_AUTOS = YES_AGGRESSIVE;
				GCC_WARN_UNUSED_FUNCTION = YES;
				GCC_WARN_UNUSED_VARIABLE = YES;
				IPHONEOS_DEPLOYMENT_TARGET = 14.4;
				MTL_ENABLE_DEBUG_INFO = NO;
				MTL_FAST_MATH = YES;
				SDKROOT = iphoneos;
				SWIFT_COMPILATION_MODE = wholemodule;
				SWIFT_OPTIMIZATION_LEVEL = "-O";
				VALIDATE_PRODUCT = YES;
			};
			name = Release;
		};
		F33DD38C26B2FAAC00CFEF56 /* Debug */ = {
			isa = XCBuildConfiguration;
			buildSettings = {
				ASSETCATALOG_COMPILER_APPICON_NAME = AppIcon;
				ASSETCATALOG_COMPILER_GLOBAL_ACCENT_COLOR_NAME = AccentColor;
				CODE_SIGN_STYLE = Automatic;
				DEVELOPMENT_TEAM = 6KCSBW72Y6;
				INFOPLIST_FILE = percy/Info.plist;
				LD_RUNPATH_SEARCH_PATHS = (
					"$(inherited)",
					"@executable_path/Frameworks",
				);
				PRODUCT_BUNDLE_IDENTIFIER = "Anton-Usov.LaunchScreen";
				PRODUCT_NAME = "$(TARGET_NAME)";
				SWIFT_VERSION = 5.0;
				TARGETED_DEVICE_FAMILY = "1,2";
			};
			name = Debug;
		};
		F33DD38D26B2FAAC00CFEF56 /* Release */ = {
			isa = XCBuildConfiguration;
			buildSettings = {
				ASSETCATALOG_COMPILER_APPICON_NAME = AppIcon;
				ASSETCATALOG_COMPILER_GLOBAL_ACCENT_COLOR_NAME = AccentColor;
				CODE_SIGN_STYLE = Automatic;
				DEVELOPMENT_TEAM = 6KCSBW72Y6;
				INFOPLIST_FILE = percy/Info.plist;
				LD_RUNPATH_SEARCH_PATHS = (
					"$(inherited)",
					"@executable_path/Frameworks",
				);
				PRODUCT_BUNDLE_IDENTIFIER = "Anton-Usov.LaunchScreen";
				PRODUCT_NAME = "$(TARGET_NAME)";
				SWIFT_VERSION = 5.0;
				TARGETED_DEVICE_FAMILY = "1,2";
			};
			name = Release;
		};
/* End XCBuildConfiguration section */

/* Begin XCConfigurationList section */
		F33DD37226B2FAAB00CFEF56 /* Build configuration list for PBXProject "percy" */ = {
			isa = XCConfigurationList;
			buildConfigurations = (
				F33DD38926B2FAAC00CFEF56 /* Debug */,
				F33DD38A26B2FAAC00CFEF56 /* Release */,
			);
			defaultConfigurationIsVisible = 0;
			defaultConfigurationName = Release;
		};
		F33DD38B26B2FAAC00CFEF56 /* Build configuration list for PBXNativeTarget "percy" */ = {
			isa = XCConfigurationList;
			buildConfigurations = (
				F33DD38C26B2FAAC00CFEF56 /* Debug */,
				F33DD38D26B2FAAC00CFEF56 /* Release */,
			);
			defaultConfigurationIsVisible = 0;
			defaultConfigurationName = Release;
		};
/* End XCConfigurationList section */

/* Begin XCRemoteSwiftPackageReference section */
		F33DD3AB26B3025A00CFEF56 /* XCRemoteSwiftPackageReference "firebase-ios-sdk" */ = {
			isa = XCRemoteSwiftPackageReference;
			repositoryURL = "https://github.com/firebase/firebase-ios-sdk.git";
			requirement = {
				kind = upToNextMajorVersion;
				minimumVersion = 8.4.0;
			};
		};
		F365B4B026B38E87008C9DED /* XCRemoteSwiftPackageReference "realm-cocoa" */ = {
			isa = XCRemoteSwiftPackageReference;
			repositoryURL = "https://github.com/realm/realm-cocoa.git";
			requirement = {
				kind = upToNextMajorVersion;
				minimumVersion = 10.11.0;
			};
		};
/* End XCRemoteSwiftPackageReference section */

/* Begin XCSwiftPackageProductDependency section */
		F33DD3AC26B3025A00CFEF56 /* FirebaseStorage */ = {
			isa = XCSwiftPackageProductDependency;
			package = F33DD3AB26B3025A00CFEF56 /* XCRemoteSwiftPackageReference "firebase-ios-sdk" */;
			productName = FirebaseStorage;
		};
		F33DD3AE26B3025A00CFEF56 /* FirebaseAuth */ = {
			isa = XCSwiftPackageProductDependency;
			package = F33DD3AB26B3025A00CFEF56 /* XCRemoteSwiftPackageReference "firebase-ios-sdk" */;
			productName = FirebaseAuth;
		};
		F33DD3B026B3025A00CFEF56 /* FirebaseFirestore */ = {
			isa = XCSwiftPackageProductDependency;
			package = F33DD3AB26B3025A00CFEF56 /* XCRemoteSwiftPackageReference "firebase-ios-sdk" */;
			productName = FirebaseFirestore;
		};
		F33DD3B226B3025A00CFEF56 /* FirebaseDatabase */ = {
			isa = XCSwiftPackageProductDependency;
			package = F33DD3AB26B3025A00CFEF56 /* XCRemoteSwiftPackageReference "firebase-ios-sdk" */;
			productName = FirebaseDatabase;
		};
		F365B4B126B38E87008C9DED /* RealmSwift */ = {
			isa = XCSwiftPackageProductDependency;
			package = F365B4B026B38E87008C9DED /* XCRemoteSwiftPackageReference "realm-cocoa" */;
			productName = RealmSwift;
		};
/* End XCSwiftPackageProductDependency section */
	};
	rootObject = F33DD36F26B2FAAB00CFEF56 /* Project object */;
}
